<?xml version="1.0" encoding="UTF-8"?>
<Scheme
   LastUpgradeVersion = "0620"
   version = "1.3">
   <BuildAction
      parallelizeBuildables = "YES"
      buildImplicitDependencies = "YES">
      <BuildActionEntries>
         <BuildActionEntry
            buildForTesting = "YES"
            buildForRunning = "YES"
            buildForProfiling = "YES"
            buildForArchiving = "YES"
            buildForAnalyzing = "YES">
            <BuildableReference
               BuildableIdentifier = "primary"
               BlueprintIdentifier = "D52E47221A2EAE5B00D26A51"
               BuildableName = "WatchDataMovement Watch App.app"
               BlueprintName = "WatchDataMovement Watch App"
               ReferencedContainer = "container:WatchDataMovement.xcodeproj">
            </BuildableReference>
         </BuildActionEntry>
         <BuildActionEntry
            buildForTesting = "YES"
            buildForRunning = "YES"
            buildForProfiling = "YES"
            buildForArchiving = "YES"
            buildForAnalyzing = "YES">
            <BuildableReference
               BuildableIdentifier = "primary"
               BlueprintIdentifier = "D52E47141A2EAE5B00D26A51"
               BuildableName = "WatchDataMovement WatchKit Extension.appex"
               BlueprintName = "WatchDataMovement WatchKit Extension"
               ReferencedContainer = "container:WatchDataMovement.xcodeproj">
            </BuildableReference>
         </BuildActionEntry>
         <BuildActionEntry
            buildForTesting = "YES"
            buildForRunning = "YES"
            buildForProfiling = "YES"
            buildForArchiving = "YES"
            buildForAnalyzing = "YES">
            <BuildableReference
               BuildableIdentifier = "primary"
               BlueprintIdentifier = "D52E46E71A2EAE4A00D26A51"
               BuildableName = "WatchDataMovement.app"
               BlueprintName = "WatchDataMovement"
               ReferencedContainer = "container:WatchDataMovement.xcodeproj">
            </BuildableReference>
         </BuildActionEntry>
      </BuildActionEntries>
   </BuildAction>
   <TestAction
      selectedDebuggerIdentifier = "Xcode.DebuggerFoundation.Debugger.LLDB"
      selectedLauncherIdentifier = "Xcode.DebuggerFoundation.Launcher.LLDB"
      shouldUseLaunchSchemeArgsEnv = "YES"
      buildConfiguration = "Debug">
      <Testables>
      </Testables>
      <MacroExpansion>
         <BuildableReference
            BuildableIdentifier = "primary"
            BlueprintIdentifier = "D52E47221A2EAE5B00D26A51"
            BuildableName = "WatchDataMovement Watch App.app"
            BlueprintName = "WatchDataMovement Watch App"
            ReferencedContainer = "container:WatchDataMovement.xcodeproj">
         </BuildableReference>
      </MacroExpansion>
   </TestAction>
   <LaunchAction
      selectedDebuggerIdentifier = "Xcode.DebuggerFoundation.Debugger.LLDB"
      selectedLauncherIdentifier = "Xcode.DebuggerFoundation.Launcher.LLDB"
      launchStyle = "0"
      useCustomWorkingDirectory = "NO"
      buildConfiguration = "Debug"
      ignoresPersistentStateOnLaunch = "NO"
      debugDocumentVersioning = "YES"
      allowLocationSimulation = "YES">
      <RemoteRunnable
         runnableDebuggingMode = "2"
         BundleIdentifier = "com.apple.springboard"
         RemotePath = "/WatchDataMovement">
         <BuildableReference
            BuildableIdentifier = "primary"
            BlueprintIdentifier = "D52E47221A2EAE5B00D26A51"
            BuildableName = "WatchDataMovement Watch App.app"
            BlueprintName = "WatchDataMovement Watch App"
            ReferencedContainer = "container:WatchDataMovement.xcodeproj">
         </BuildableReference>
      </RemoteRunnable>
      <MacroExpansion>
         <BuildableReference
            BuildableIdentifier = "primary"
            BlueprintIdentifier = "D52E47221A2EAE5B00D26A51"
            BuildableName = "WatchDataMovement Watch App.app"
            BlueprintName = "WatchDataMovement Watch App"
            ReferencedContainer = "container:WatchDataMovement.xcodeproj">
         </BuildableReference>
      </MacroExpansion>
      <AdditionalOptions>
      </AdditionalOptions>
   </LaunchAction>
   <ProfileAction
      shouldUseLaunchSchemeArgsEnv = "YES"
      savedToolIdentifier = ""
      useCustomWorkingDirectory = "NO"
      buildConfiguration = "Release"
      debugDocumentVersioning = "YES">
      <RemoteRunnable
         runnableDebuggingMode = "2"
         BundleIdentifier = "com.apple.springboard"
         RemotePath = "/WatchDataMovement">
         <BuildableReference
            BuildableIdentifier = "primary"
            BlueprintIdentifier = "D52E47221A2EAE5B00D26A51"
            BuildableName = "WatchDataMovement Watch App.app"
            BlueprintName = "WatchDataMovement Watch App"
            ReferencedContainer = "container:WatchDataMovement.xcodeproj">
         </BuildableReference>
      </RemoteRunnable>
      <MacroExpansion>
         <BuildableReference
            BuildableIdentifier = "primary"
            BlueprintIdentifier = "D52E47221A2EAE5B00D26A51"
            BuildableName = "WatchDataMovement Watch App.app"
            BlueprintName = "WatchDataMovement Watch App"
            ReferencedContainer = "container:WatchDataMovement.xcodeproj">
         </BuildableReference>
      </MacroExpansion>
   </ProfileAction>
   <AnalyzeAction
      buildConfiguration = "Debug">
   </AnalyzeAction>
   <ArchiveAction
      buildConfiguration = "Release"
      revealArchiveInOrganizer = "YES">
   </ArchiveAction>
</Scheme>
